
Microsoft Visual Studio Solution File, Format Version 12.00
# Visual Studio Version 17
VisualStudioVersion = 17.9.34728.123
MinimumVisualStudioVersion = 10.0.40219.1
Project("{9A19103F-16F7-4668-BE54-9A1E7A4F7556}") = "ParOuImpar", "src\ParOuImpar.csproj", "{B2C44607-5450-4F5B-B28A-0439519AACCF}"
EndProject
Project("{FAE04EC0-301F-11D3-BF4B-00C04F79EFBC}") = "ParOuImpar.Test", "tests\ParOuImpar.Test\ParOuImpar.Test.csproj", "{FD7663AA-BD7C-48ED-B311-42BEB60019A7}"
EndProject
Global
	GlobalSection(SolutionConfigurationPlatforms) = preSolution
		Debug|Any CPU = Debug|Any CPU
		Release|Any CPU = Release|Any CPU
	EndGlobalSection
	GlobalSection(ProjectConfigurationPlatforms) = postSolution
		{B2C44607-5450-4F5B-B28A-0439519AACCF}.Debug|Any CPU.ActiveCfg = Debug|Any CPU
		{B2C44607-5450-4F5B-B28A-0439519AACCF}.Debug|Any CPU.Build.0 = Debug|Any CPU
		{B2C44607-5450-4F5B-B28A-0439519AACCF}.Release|Any CPU.ActiveCfg = Release|Any CPU
		{B2C44607-5450-4F5B-B28A-0439519AACCF}.Release|Any CPU.Build.0 = Release|Any CPU
		{FD7663AA-BD7C-48ED-B311-42BEB60019A7}.Debug|Any CPU.ActiveCfg = Debug|Any CPU
		{FD7663AA-BD7C-48ED-B311-42BEB60019A7}.Debug|Any CPU.Build.0 = Debug|Any CPU
		{FD7663AA-BD7C-48ED-B311-42BEB60019A7}.Release|Any CPU.ActiveCfg = Release|Any CPU
		{FD7663AA-BD7C-48ED-B311-42BEB60019A7}.Release|Any CPU.Build.0 = Release|Any CPU
	EndGlobalSection
	GlobalSection(SolutionProperties) = preSolution
		HideSolutionNode = FALSE
	EndGlobalSection
	GlobalSection(ExtensibilityGlobals) = postSolution
		SolutionGuid = {E94680D1-D6BC-4B7F-BFA3-5F22429730A5}
	EndGlobalSection
EndGlobal
